
Microsoft Visual Studio Solution File, Format Version 12.00
# Visual Studio Version 17
VisualStudioVersion = 17.14.36603.0 d17.14
MinimumVisualStudioVersion = 10.0.40219.1
Project("{FAE04EC0-301F-11D3-BF4B-00C04F79EFBC}") = "HomeDelivery", "HomeDelivery\HomeDelivery.csproj", "{8B4AED80-1505-4556-9950-15E8378BCAAD}"
EndProject
Project("{FAE04EC0-301F-11D3-BF4B-00C04F79EFBC}") = "HomeDelivery.Domain", "HomeDelivery.Domain\HomeDelivery.Domain.csproj", "{031DE507-B475-4438-8002-8329CEFA3F26}"
EndProject
Project("{FAE04EC0-301F-11D3-BF4B-00C04F79EFBC}") = "HomeDelivery.Application", "HomeDelivery.Application\HomeDelivery.Application.csproj", "{201F2EC6-BCE3-437B-8868-88A492B39E7F}"
EndProject
Project("{FAE04EC0-301F-11D3-BF4B-00C04F79EFBC}") = "HomeDelivery.Infrastructure", "HomeDelivery.Infrastructure\HomeDelivery.Infrastructure.csproj", "{20E0C5C7-FA75-4FBB-AA7D-71EAF45CD693}"
EndProject
Global
	GlobalSection(SolutionConfigurationPlatforms) = preSolution
		Debug|Any CPU = Debug|Any CPU
		Release|Any CPU = Release|Any CPU
	EndGlobalSection
	GlobalSection(ProjectConfigurationPlatforms) = postSolution
		{8B4AED80-1505-4556-9950-15E8378BCAAD}.Debug|Any CPU.ActiveCfg = Debug|Any CPU
		{8B4AED80-1505-4556-9950-15E8378BCAAD}.Debug|Any CPU.Build.0 = Debug|Any CPU
		{8B4AED80-1505-4556-9950-15E8378BCAAD}.Release|Any CPU.ActiveCfg = Release|Any CPU
		{8B4AED80-1505-4556-9950-15E8378BCAAD}.Release|Any CPU.Build.0 = Release|Any CPU
		{031DE507-B475-4438-8002-8329CEFA3F26}.Debug|Any CPU.ActiveCfg = Debug|Any CPU
		{031DE507-B475-4438-8002-8329CEFA3F26}.Debug|Any CPU.Build.0 = Debug|Any CPU
		{031DE507-B475-4438-8002-8329CEFA3F26}.Release|Any CPU.ActiveCfg = Release|Any CPU
		{031DE507-B475-4438-8002-8329CEFA3F26}.Release|Any CPU.Build.0 = Release|Any CPU
		{201F2EC6-BCE3-437B-8868-88A492B39E7F}.Debug|Any CPU.ActiveCfg = Debug|Any CPU
		{201F2EC6-BCE3-437B-8868-88A492B39E7F}.Debug|Any CPU.Build.0 = Debug|Any CPU
		{201F2EC6-BCE3-437B-8868-88A492B39E7F}.Release|Any CPU.ActiveCfg = Release|Any CPU
		{201F2EC6-BCE3-437B-8868-88A492B39E7F}.Release|Any CPU.Build.0 = Release|Any CPU
		{20E0C5C7-FA75-4FBB-AA7D-71EAF45CD693}.Debug|Any CPU.ActiveCfg = Debug|Any CPU
		{20E0C5C7-FA75-4FBB-AA7D-71EAF45CD693}.Debug|Any CPU.Build.0 = Debug|Any CPU
		{20E0C5C7-FA75-4FBB-AA7D-71EAF45CD693}.Release|Any CPU.ActiveCfg = Release|Any CPU
		{20E0C5C7-FA75-4FBB-AA7D-71EAF45CD693}.Release|Any CPU.Build.0 = Release|Any CPU
	EndGlobalSection
	GlobalSection(SolutionProperties) = preSolution
		HideSolutionNode = FALSE
	EndGlobalSection
	GlobalSection(ExtensibilityGlobals) = postSolution
		SolutionGuid = {EDA9B6BB-115F-43DB-A12D-821CAAB198B9}
	EndGlobalSection
EndGlobal
